
Microsoft Visual Studio Solution File, Format Version 12.00
# Visual Studio Version 16
VisualStudioVersion = 16.0.30907.101
MinimumVisualStudioVersion = 10.0.40219.1
Project("{FAE04EC0-301F-11D3-BF4B-00C04F79EFBC}") = "лр10-3", "лр10-3\лр10-3.csproj", "{15B0D898-AA5C-4FF1-89F5-D3ED7BDE2BA8}"
EndProject
Global
	GlobalSection(SolutionConfigurationPlatforms) = preSolution
		Debug|Any CPU = Debug|Any CPU
		Release|Any CPU = Release|Any CPU
	EndGlobalSection
	GlobalSection(ProjectConfigurationPlatforms) = postSolution
		{15B0D898-AA5C-4FF1-89F5-D3ED7BDE2BA8}.Debug|Any CPU.ActiveCfg = Debug|Any CPU
		{15B0D898-AA5C-4FF1-89F5-D3ED7BDE2BA8}.Debug|Any CPU.Build.0 = Debug|Any CPU
		{15B0D898-AA5C-4FF1-89F5-D3ED7BDE2BA8}.Release|Any CPU.ActiveCfg = Release|Any CPU
		{15B0D898-AA5C-4FF1-89F5-D3ED7BDE2BA8}.Release|Any CPU.Build.0 = Release|Any CPU
	EndGlobalSection
	GlobalSection(SolutionProperties) = preSolution
		HideSolutionNode = FALSE
	EndGlobalSection
	GlobalSection(ExtensibilityGlobals) = postSolution
		SolutionGuid = {B85F9FF4-B3D0-4F99-8D8F-AC4D2DEA52BB}
	EndGlobalSection
EndGlobal
