
Microsoft Visual Studio Solution File, Format Version 12.00
# Visual Studio Version 16
VisualStudioVersion = 16.0.30907.101
MinimumVisualStudioVersion = 10.0.40219.1
Project("{FAE04EC0-301F-11D3-BF4B-00C04F79EFBC}") = "лр9-2", "лр9-2\лр9-2.csproj", "{4DED527E-8895-4EF2-B153-CA6B4B9986ED}"
EndProject
Global
	GlobalSection(SolutionConfigurationPlatforms) = preSolution
		Debug|Any CPU = Debug|Any CPU
		Release|Any CPU = Release|Any CPU
	EndGlobalSection
	GlobalSection(ProjectConfigurationPlatforms) = postSolution
		{4DED527E-8895-4EF2-B153-CA6B4B9986ED}.Debug|Any CPU.ActiveCfg = Debug|Any CPU
		{4DED527E-8895-4EF2-B153-CA6B4B9986ED}.Debug|Any CPU.Build.0 = Debug|Any CPU
		{4DED527E-8895-4EF2-B153-CA6B4B9986ED}.Release|Any CPU.ActiveCfg = Release|Any CPU
		{4DED527E-8895-4EF2-B153-CA6B4B9986ED}.Release|Any CPU.Build.0 = Release|Any CPU
	EndGlobalSection
	GlobalSection(SolutionProperties) = preSolution
		HideSolutionNode = FALSE
	EndGlobalSection
	GlobalSection(ExtensibilityGlobals) = postSolution
		SolutionGuid = {1778EC6C-61F6-417E-94B3-35DD477345ED}
	EndGlobalSection
EndGlobal
