
Microsoft Visual Studio Solution File, Format Version 12.00
# Visual Studio Version 16
VisualStudioVersion = 16.0.30907.101
MinimumVisualStudioVersion = 10.0.40219.1
Project("{FAE04EC0-301F-11D3-BF4B-00C04F79EFBC}") = "LR_14", "LR_14\LR_14.csproj", "{C5E93D41-5DBF-497D-A1EC-D1C5B8CC3DD7}"
EndProject
Global
	GlobalSection(SolutionConfigurationPlatforms) = preSolution
		Debug|Any CPU = Debug|Any CPU
		Release|Any CPU = Release|Any CPU
	EndGlobalSection
	GlobalSection(ProjectConfigurationPlatforms) = postSolution
		{C5E93D41-5DBF-497D-A1EC-D1C5B8CC3DD7}.Debug|Any CPU.ActiveCfg = Debug|Any CPU
		{C5E93D41-5DBF-497D-A1EC-D1C5B8CC3DD7}.Debug|Any CPU.Build.0 = Debug|Any CPU
		{C5E93D41-5DBF-497D-A1EC-D1C5B8CC3DD7}.Release|Any CPU.ActiveCfg = Release|Any CPU
		{C5E93D41-5DBF-497D-A1EC-D1C5B8CC3DD7}.Release|Any CPU.Build.0 = Release|Any CPU
	EndGlobalSection
	GlobalSection(SolutionProperties) = preSolution
		HideSolutionNode = FALSE
	EndGlobalSection
	GlobalSection(ExtensibilityGlobals) = postSolution
		SolutionGuid = {E0CE300A-7B8C-4983-A469-3F54681CEC07}
	EndGlobalSection
EndGlobal
