
Microsoft Visual Studio Solution File, Format Version 12.00
# Visual Studio Version 16
VisualStudioVersion = 16.0.30907.101
MinimumVisualStudioVersion = 10.0.40219.1
Project("{FAE04EC0-301F-11D3-BF4B-00C04F79EFBC}") = "лр11-1", "лр11-1\лр11-1.csproj", "{A231F2FA-1DC1-4C8D-B2A3-1102B8D9844F}"
EndProject
Global
	GlobalSection(SolutionConfigurationPlatforms) = preSolution
		Debug|Any CPU = Debug|Any CPU
		Release|Any CPU = Release|Any CPU
	EndGlobalSection
	GlobalSection(ProjectConfigurationPlatforms) = postSolution
		{A231F2FA-1DC1-4C8D-B2A3-1102B8D9844F}.Debug|Any CPU.ActiveCfg = Debug|Any CPU
		{A231F2FA-1DC1-4C8D-B2A3-1102B8D9844F}.Debug|Any CPU.Build.0 = Debug|Any CPU
		{A231F2FA-1DC1-4C8D-B2A3-1102B8D9844F}.Release|Any CPU.ActiveCfg = Release|Any CPU
		{A231F2FA-1DC1-4C8D-B2A3-1102B8D9844F}.Release|Any CPU.Build.0 = Release|Any CPU
	EndGlobalSection
	GlobalSection(SolutionProperties) = preSolution
		HideSolutionNode = FALSE
	EndGlobalSection
	GlobalSection(ExtensibilityGlobals) = postSolution
		SolutionGuid = {C8E1FFEB-9A59-4CC9-ACBA-695A6F09A1F0}
	EndGlobalSection
EndGlobal
