
Microsoft Visual Studio Solution File, Format Version 12.00
# Visual Studio Version 16
VisualStudioVersion = 16.0.30907.101
MinimumVisualStudioVersion = 10.0.40219.1
Project("{FAE04EC0-301F-11D3-BF4B-00C04F79EFBC}") = "LR_15", "LR_15\LR_15.csproj", "{223B4652-85D4-4515-8AB5-F98C838F6B14}"
EndProject
Global
	GlobalSection(SolutionConfigurationPlatforms) = preSolution
		Debug|Any CPU = Debug|Any CPU
		Release|Any CPU = Release|Any CPU
	EndGlobalSection
	GlobalSection(ProjectConfigurationPlatforms) = postSolution
		{223B4652-85D4-4515-8AB5-F98C838F6B14}.Debug|Any CPU.ActiveCfg = Debug|Any CPU
		{223B4652-85D4-4515-8AB5-F98C838F6B14}.Debug|Any CPU.Build.0 = Debug|Any CPU
		{223B4652-85D4-4515-8AB5-F98C838F6B14}.Release|Any CPU.ActiveCfg = Release|Any CPU
		{223B4652-85D4-4515-8AB5-F98C838F6B14}.Release|Any CPU.Build.0 = Release|Any CPU
	EndGlobalSection
	GlobalSection(SolutionProperties) = preSolution
		HideSolutionNode = FALSE
	EndGlobalSection
	GlobalSection(ExtensibilityGlobals) = postSolution
		SolutionGuid = {AB1166CE-CE49-4A4C-B585-7492B06AF762}
	EndGlobalSection
EndGlobal
