
Microsoft Visual Studio Solution File, Format Version 12.00
# Visual Studio Version 16
VisualStudioVersion = 16.0.30907.101
MinimumVisualStudioVersion = 10.0.40219.1
Project("{FAE04EC0-301F-11D3-BF4B-00C04F79EFBC}") = "LR_12", "LR_12\LR_12.csproj", "{48CF10F7-11CC-431B-9785-E27E144F7F0B}"
EndProject
Global
	GlobalSection(SolutionConfigurationPlatforms) = preSolution
		Debug|Any CPU = Debug|Any CPU
		Release|Any CPU = Release|Any CPU
	EndGlobalSection
	GlobalSection(ProjectConfigurationPlatforms) = postSolution
		{48CF10F7-11CC-431B-9785-E27E144F7F0B}.Debug|Any CPU.ActiveCfg = Debug|Any CPU
		{48CF10F7-11CC-431B-9785-E27E144F7F0B}.Debug|Any CPU.Build.0 = Debug|Any CPU
		{48CF10F7-11CC-431B-9785-E27E144F7F0B}.Release|Any CPU.ActiveCfg = Release|Any CPU
		{48CF10F7-11CC-431B-9785-E27E144F7F0B}.Release|Any CPU.Build.0 = Release|Any CPU
	EndGlobalSection
	GlobalSection(SolutionProperties) = preSolution
		HideSolutionNode = FALSE
	EndGlobalSection
	GlobalSection(ExtensibilityGlobals) = postSolution
		SolutionGuid = {2F3D1C6A-CD2A-4F9B-8836-A7A04CFCA415}
	EndGlobalSection
EndGlobal
